{
    "_readme": [
        "This file locks the dependencies of your project to a known state",
        "Read more about it at https://getcomposer.org/doc/01-basic-usage.md#installing-dependencies",
        "This file is @generated automatically"
    ],
    "content-hash": "9fc96e08b1050b8ec69563890945168c",
    "packages": [
        {
            "name": "jefferson49/webtrees-common",
            "version": "1.4.57",
            "source": {
                "type": "git",
                "url": "https://github.com/Jefferson49/webtrees-common.git",
                "reference": "5d95e653812275581a2def80e0a3a343bc94858d"
            },
            "require": {
                "php": ">=7.4"
            },
            "type": "library",
            "license": [
                "GPL-3.0"
            ],
            "description": "Library to share common code between webtrees custom modules",
            "keywords": [
                "custom-module",
                "webtrees",
                "webtrees-module"
            ],
            "time": "2026-08-29T20:11:39+00:00"
        }
    ],
    "packages-dev": [],
    "aliases": [],
    "minimum-stability": "stable",
    "stability-flags": {},
    "prefer-stable": false,
    "prefer-lowest": false,
    "platform": {
        "php": ">=8.3"
    },
    "platform-dev": {},
    "plugin-api-version": "2.6.0"
}
