{
    "_readme": [
        "This file locks the dependencies of your project to a known state",
        "Read more about it at https://getcomposer.org/doc/01-basic-usage.md#installing-dependencies",
        "This file is @generated automatically"
    ],
    "content-hash": "1fa54465091cbf5235cbbe46eb35371c",
    "packages": [
        {
            "name": "jefferson49/webtrees-common",
            "version": "1.2.11",
            "source": {
                "type": "git",
                "url": "https://github.com/Jefferson49/webtrees-common.git",
                "reference": "f9d0ccb19f295e6babfced8b0a348731240aff7e"
            },
            "require": {
                "php": ">=7.4"
            },
            "type": "library",
            "license": [
                "GPL-3.0"
            ],
            "description": "Library to share common code between webtrees custom modules",
            "keywords": [
                "custom-module",
                "webtrees",
                "webtrees-module"
            ],
            "time": "2025-08-04T04:34:48+00:00"
        }
    ],
    "packages-dev": [],
    "aliases": [],
    "minimum-stability": "stable",
    "stability-flags": {},
    "prefer-stable": false,
    "prefer-lowest": false,
    "platform": {},
    "platform-dev": {},
    "plugin-api-version": "2.6.0"
}
